// !$*UTF8*$!
{
	archiveVersion = 1;
	classes = {
	};
	objectVersion = 46;
	objects = {

/* Begin PBXBuildFile section */
		444370001845A54800F2F360 /* SalesPersonCell.xib in Resources */ = {isa = PBXBuildFile; fileRef = 44436FFF1845A54800F2F360 /* SalesPersonCell.xib */; };
		449204CF18445EB30036D3A9 /* CouchbaseLite.framework in Frameworks */ = {isa = PBXBuildFile; fileRef = 449204CE18445EB30036D3A9 /* CouchbaseLite.framework */; };
		449204D2184478590036D3A9 /* SalesPersonOptionsViewController.m in Sources */ = {isa = PBXBuildFile; fileRef = 449204D1184478590036D3A9 /* SalesPersonOptionsViewController.m */; };
		449204DB1844A7800036D3A9 /* SalesPersonCell.m in Sources */ = {isa = PBXBuildFile; fileRef = 449204DA1844A7800036D3A9 /* SalesPersonCell.m */; };
		831FFCD41844364900C7CB22 /* Foundation.framework in Frameworks */ = {isa = PBXBuildFile; fileRef = 831FFCD31844364900C7CB22 /* Foundation.framework */; };
		831FFCD61844364900C7CB22 /* CoreGraphics.framework in Frameworks */ = {isa = PBXBuildFile; fileRef = 831FFCD51844364900C7CB22 /* CoreGraphics.framework */; };
		831FFCD81844364900C7CB22 /* UIKit.framework in Frameworks */ = {isa = PBXBuildFile; fileRef = 831FFCD71844364900C7CB22 /* UIKit.framework */; };
		831FFCDE1844364900C7CB22 /* InfoPlist.strings in Resources */ = {isa = PBXBuildFile; fileRef = 831FFCDC1844364900C7CB22 /* InfoPlist.strings */; };
		831FFCE01844364900C7CB22 /* main.m in Sources */ = {isa = PBXBuildFile; fileRef = 831FFCDF1844364900C7CB22 /* main.m */; };
		831FFCE71844364900C7CB22 /* Main.storyboard in Resources */ = {isa = PBXBuildFile; fileRef = 831FFCE51844364900C7CB22 /* Main.storyboard */; };
		831FFCEC1844364900C7CB22 /* Images.xcassets in Resources */ = {isa = PBXBuildFile; fileRef = 831FFCEB1844364900C7CB22 /* Images.xcassets */; };
		831FFCF31844364900C7CB22 /* XCTest.framework in Frameworks */ = {isa = PBXBuildFile; fileRef = 831FFCF21844364900C7CB22 /* XCTest.framework */; };
		831FFCF41844364900C7CB22 /* Foundation.framework in Frameworks */ = {isa = PBXBuildFile; fileRef = 831FFCD31844364900C7CB22 /* Foundation.framework */; };
		831FFCF51844364900C7CB22 /* UIKit.framework in Frameworks */ = {isa = PBXBuildFile; fileRef = 831FFCD71844364900C7CB22 /* UIKit.framework */; };
		831FFCFD1844364900C7CB22 /* InfoPlist.strings in Resources */ = {isa = PBXBuildFile; fileRef = 831FFCFB1844364900C7CB22 /* InfoPlist.strings */; };
		831FFCFF1844364900C7CB22 /* CBLiteCRMTests.m in Sources */ = {isa = PBXBuildFile; fileRef = 831FFCFE1844364900C7CB22 /* CBLiteCRMTests.m */; };
		831FFD1018443AA300C7CB22 /* AppDelegate.m in Sources */ = {isa = PBXBuildFile; fileRef = 831FFD0A18443AA300C7CB22 /* AppDelegate.m */; };
		831FFD1118443AA300C7CB22 /* WelcomeViewController.m in Sources */ = {isa = PBXBuildFile; fileRef = 831FFD0F18443AA300C7CB22 /* WelcomeViewController.m */; };
		831FFD1418443B0700C7CB22 /* MenuViewController.m in Sources */ = {isa = PBXBuildFile; fileRef = 831FFD1318443B0700C7CB22 /* MenuViewController.m */; };
		831FFD1718443D9000C7CB22 /* SalesViewController.m in Sources */ = {isa = PBXBuildFile; fileRef = 831FFD1618443D9000C7CB22 /* SalesViewController.m */; };
		831FFD1A18443DA200C7CB22 /* ContactsViewController.m in Sources */ = {isa = PBXBuildFile; fileRef = 831FFD1918443DA200C7CB22 /* ContactsViewController.m */; };
		831FFD1D18443DB300C7CB22 /* CustomersViewController.m in Sources */ = {isa = PBXBuildFile; fileRef = 831FFD1C18443DB300C7CB22 /* CustomersViewController.m */; };
		831FFD2018443DD500C7CB22 /* OpportunitiesViewController.m in Sources */ = {isa = PBXBuildFile; fileRef = 831FFD1F18443DD500C7CB22 /* OpportunitiesViewController.m */; };
		831FFD28184444FC00C7CB22 /* CFNetwork.framework in Frameworks */ = {isa = PBXBuildFile; fileRef = 831FFD25184444FC00C7CB22 /* CFNetwork.framework */; };
		831FFD29184444FC00C7CB22 /* Security.framework in Frameworks */ = {isa = PBXBuildFile; fileRef = 831FFD26184444FC00C7CB22 /* Security.framework */; };
		831FFD2A184444FC00C7CB22 /* SystemConfiguration.framework in Frameworks */ = {isa = PBXBuildFile; fileRef = 831FFD27184444FC00C7CB22 /* SystemConfiguration.framework */; };
		831FFD2C1844451500C7CB22 /* libsqlite3.dylib in Frameworks */ = {isa = PBXBuildFile; fileRef = 831FFD2B1844451500C7CB22 /* libsqlite3.dylib */; };
		831FFD2E1844451F00C7CB22 /* libz.dylib in Frameworks */ = {isa = PBXBuildFile; fileRef = 831FFD2D1844451F00C7CB22 /* libz.dylib */; };
		831FFD341844542F00C7CB22 /* DataStore.m in Sources */ = {isa = PBXBuildFile; fileRef = 831FFD331844542F00C7CB22 /* DataStore.m */; };
		831FFD3E18446BC300C7CB22 /* Contact.m in Sources */ = {isa = PBXBuildFile; fileRef = 831FFD3D18446BC200C7CB22 /* Contact.m */; };
		831FFD4118446C5500C7CB22 /* SalesPerson.m in Sources */ = {isa = PBXBuildFile; fileRef = 831FFD4018446C5500C7CB22 /* SalesPerson.m */; };
		831FFD4418446EAC00C7CB22 /* Customer.m in Sources */ = {isa = PBXBuildFile; fileRef = 831FFD4318446EAC00C7CB22 /* Customer.m */; };
		831FFD471844702F00C7CB22 /* Opportunity.m in Sources */ = {isa = PBXBuildFile; fileRef = 831FFD461844702E00C7CB22 /* Opportunity.m */; };
/* End PBXBuildFile section */

/* Begin PBXContainerItemProxy section */
		831FFCF61844364900C7CB22 /* PBXContainerItemProxy */ = {
			isa = PBXContainerItemProxy;
			containerPortal = 831FFCC81844364900C7CB22 /* Project object */;
			proxyType = 1;
			remoteGlobalIDString = 831FFCCF1844364900C7CB22;
			remoteInfo = CBLiteCRM;
		};
/* End PBXContainerItemProxy section */

/* Begin PBXFileReference section */
		44436FFF1845A54800F2F360 /* SalesPersonCell.xib */ = {isa = PBXFileReference; fileEncoding = 4; lastKnownFileType = file.xib; path = SalesPersonCell.xib; sourceTree = "<group>"; };
		449204CE18445EB30036D3A9 /* CouchbaseLite.framework */ = {isa = PBXFileReference; lastKnownFileType = wrapper.framework; path = CouchbaseLite.framework; sourceTree = "<group>"; };
		449204D0184478590036D3A9 /* SalesPersonOptionsViewController.h */ = {isa = PBXFileReference; fileEncoding = 4; lastKnownFileType = sourcecode.c.h; path = SalesPersonOptionsViewController.h; sourceTree = "<group>"; };
		449204D1184478590036D3A9 /* SalesPersonOptionsViewController.m */ = {isa = PBXFileReference; fileEncoding = 4; lastKnownFileType = sourcecode.c.objc; path = SalesPersonOptionsViewController.m; sourceTree = "<group>"; };
		449204D91844A7800036D3A9 /* SalesPersonCell.h */ = {isa = PBXFileReference; fileEncoding = 4; lastKnownFileType = sourcecode.c.h; path = SalesPersonCell.h; sourceTree = "<group>"; };
		449204DA1844A7800036D3A9 /* SalesPersonCell.m */ = {isa = PBXFileReference; fileEncoding = 4; lastKnownFileType = sourcecode.c.objc; path = SalesPersonCell.m; sourceTree = "<group>"; };
		831FFCD01844364900C7CB22 /* CBLiteCRM.app */ = {isa = PBXFileReference; explicitFileType = wrapper.application; includeInIndex = 0; path = CBLiteCRM.app; sourceTree = BUILT_PRODUCTS_DIR; };
		831FFCD31844364900C7CB22 /* Foundation.framework */ = {isa = PBXFileReference; lastKnownFileType = wrapper.framework; name = Foundation.framework; path = System/Library/Frameworks/Foundation.framework; sourceTree = SDKROOT; };
		831FFCD51844364900C7CB22 /* CoreGraphics.framework */ = {isa = PBXFileReference; lastKnownFileType = wrapper.framework; name = CoreGraphics.framework; path = System/Library/Frameworks/CoreGraphics.framework; sourceTree = SDKROOT; };
		831FFCD71844364900C7CB22 /* UIKit.framework */ = {isa = PBXFileReference; lastKnownFileType = wrapper.framework; name = UIKit.framework; path = System/Library/Frameworks/UIKit.framework; sourceTree = SDKROOT; };
		831FFCDB1844364900C7CB22 /* CBLiteCRM-Info.plist */ = {isa = PBXFileReference; lastKnownFileType = text.plist.xml; path = "CBLiteCRM-Info.plist"; sourceTree = "<group>"; };
		831FFCDD1844364900C7CB22 /* en */ = {isa = PBXFileReference; lastKnownFileType = text.plist.strings; name = en; path = en.lproj/InfoPlist.strings; sourceTree = "<group>"; };
		831FFCDF1844364900C7CB22 /* main.m */ = {isa = PBXFileReference; lastKnownFileType = sourcecode.c.objc; path = main.m; sourceTree = "<group>"; };
		831FFCE11844364900C7CB22 /* CBLiteCRM-Prefix.pch */ = {isa = PBXFileReference; lastKnownFileType = sourcecode.c.h; path = "CBLiteCRM-Prefix.pch"; sourceTree = "<group>"; };
		831FFCE61844364900C7CB22 /* Base */ = {isa = PBXFileReference; lastKnownFileType = file.storyboard; name = Base; path = Base.lproj/Main.storyboard; sourceTree = "<group>"; };
		831FFCEB1844364900C7CB22 /* Images.xcassets */ = {isa = PBXFileReference; lastKnownFileType = folder.assetcatalog; path = Images.xcassets; sourceTree = "<group>"; };
		831FFCF11844364900C7CB22 /* CBLiteCRMTests.xctest */ = {isa = PBXFileReference; explicitFileType = wrapper.cfbundle; includeInIndex = 0; path = CBLiteCRMTests.xctest; sourceTree = BUILT_PRODUCTS_DIR; };
		831FFCF21844364900C7CB22 /* XCTest.framework */ = {isa = PBXFileReference; lastKnownFileType = wrapper.framework; name = XCTest.framework; path = Library/Frameworks/XCTest.framework; sourceTree = DEVELOPER_DIR; };
		831FFCFA1844364900C7CB22 /* CBLiteCRMTests-Info.plist */ = {isa = PBXFileReference; lastKnownFileType = text.plist.xml; path = "CBLiteCRMTests-Info.plist"; sourceTree = "<group>"; };
		831FFCFC1844364900C7CB22 /* en */ = {isa = PBXFileReference; lastKnownFileType = text.plist.strings; name = en; path = en.lproj/InfoPlist.strings; sourceTree = "<group>"; };
		831FFCFE1844364900C7CB22 /* CBLiteCRMTests.m */ = {isa = PBXFileReference; lastKnownFileType = sourcecode.c.objc; path = CBLiteCRMTests.m; sourceTree = "<group>"; };
		831FFD0918443AA300C7CB22 /* AppDelegate.h */ = {isa = PBXFileReference; fileEncoding = 4; lastKnownFileType = sourcecode.c.h; path = AppDelegate.h; sourceTree = "<group>"; };
		831FFD0A18443AA300C7CB22 /* AppDelegate.m */ = {isa = PBXFileReference; fileEncoding = 4; lastKnownFileType = sourcecode.c.objc; path = AppDelegate.m; sourceTree = "<group>"; };
		831FFD0E18443AA300C7CB22 /* WelcomeViewController.h */ = {isa = PBXFileReference; fileEncoding = 4; lastKnownFileType = sourcecode.c.h; path = WelcomeViewController.h; sourceTree = "<group>"; };
		831FFD0F18443AA300C7CB22 /* WelcomeViewController.m */ = {isa = PBXFileReference; fileEncoding = 4; lastKnownFileType = sourcecode.c.objc; path = WelcomeViewController.m; sourceTree = "<group>"; };
		831FFD1218443B0700C7CB22 /* MenuViewController.h */ = {isa = PBXFileReference; fileEncoding = 4; lastKnownFileType = sourcecode.c.h; path = MenuViewController.h; sourceTree = "<group>"; };
		831FFD1318443B0700C7CB22 /* MenuViewController.m */ = {isa = PBXFileReference; fileEncoding = 4; lastKnownFileType = sourcecode.c.objc; path = MenuViewController.m; sourceTree = "<group>"; };
		831FFD1518443D9000C7CB22 /* SalesViewController.h */ = {isa = PBXFileReference; fileEncoding = 4; lastKnownFileType = sourcecode.c.h; path = SalesViewController.h; sourceTree = "<group>"; };
		831FFD1618443D9000C7CB22 /* SalesViewController.m */ = {isa = PBXFileReference; fileEncoding = 4; lastKnownFileType = sourcecode.c.objc; path = SalesViewController.m; sourceTree = "<group>"; };
		831FFD1818443DA200C7CB22 /* ContactsViewController.h */ = {isa = PBXFileReference; fileEncoding = 4; lastKnownFileType = sourcecode.c.h; path = ContactsViewController.h; sourceTree = "<group>"; };
		831FFD1918443DA200C7CB22 /* ContactsViewController.m */ = {isa = PBXFileReference; fileEncoding = 4; lastKnownFileType = sourcecode.c.objc; path = ContactsViewController.m; sourceTree = "<group>"; };
		831FFD1B18443DB300C7CB22 /* CustomersViewController.h */ = {isa = PBXFileReference; fileEncoding = 4; lastKnownFileType = sourcecode.c.h; path = CustomersViewController.h; sourceTree = "<group>"; };
		831FFD1C18443DB300C7CB22 /* CustomersViewController.m */ = {isa = PBXFileReference; fileEncoding = 4; lastKnownFileType = sourcecode.c.objc; path = CustomersViewController.m; sourceTree = "<group>"; };
		831FFD1E18443DD500C7CB22 /* OpportunitiesViewController.h */ = {isa = PBXFileReference; fileEncoding = 4; lastKnownFileType = sourcecode.c.h; path = OpportunitiesViewController.h; sourceTree = "<group>"; };
		831FFD1F18443DD500C7CB22 /* OpportunitiesViewController.m */ = {isa = PBXFileReference; fileEncoding = 4; lastKnownFileType = sourcecode.c.objc; path = OpportunitiesViewController.m; sourceTree = "<group>"; };
		831FFD25184444FC00C7CB22 /* CFNetwork.framework */ = {isa = PBXFileReference; lastKnownFileType = wrapper.framework; name = CFNetwork.framework; path = System/Library/Frameworks/CFNetwork.framework; sourceTree = SDKROOT; };
		831FFD26184444FC00C7CB22 /* Security.framework */ = {isa = PBXFileReference; lastKnownFileType = wrapper.framework; name = Security.framework; path = System/Library/Frameworks/Security.framework; sourceTree = SDKROOT; };
		831FFD27184444FC00C7CB22 /* SystemConfiguration.framework */ = {isa = PBXFileReference; lastKnownFileType = wrapper.framework; name = SystemConfiguration.framework; path = System/Library/Frameworks/SystemConfiguration.framework; sourceTree = SDKROOT; };
		831FFD2B1844451500C7CB22 /* libsqlite3.dylib */ = {isa = PBXFileReference; lastKnownFileType = "compiled.mach-o.dylib"; name = libsqlite3.dylib; path = usr/lib/libsqlite3.dylib; sourceTree = SDKROOT; };
		831FFD2D1844451F00C7CB22 /* libz.dylib */ = {isa = PBXFileReference; lastKnownFileType = "compiled.mach-o.dylib"; name = libz.dylib; path = usr/lib/libz.dylib; sourceTree = SDKROOT; };
		831FFD321844542F00C7CB22 /* DataStore.h */ = {isa = PBXFileReference; fileEncoding = 4; lastKnownFileType = sourcecode.c.h; path = DataStore.h; sourceTree = "<group>"; };
		831FFD331844542F00C7CB22 /* DataStore.m */ = {isa = PBXFileReference; fileEncoding = 4; lastKnownFileType = sourcecode.c.objc; path = DataStore.m; sourceTree = "<group>"; };
		831FFD37184454A900C7CB22 /* Constants.h */ = {isa = PBXFileReference; fileEncoding = 4; lastKnownFileType = sourcecode.c.h; path = Constants.h; sourceTree = "<group>"; };
		831FFD3C18446BC200C7CB22 /* Contact.h */ = {isa = PBXFileReference; fileEncoding = 4; lastKnownFileType = sourcecode.c.h; path = Contact.h; sourceTree = "<group>"; };
		831FFD3D18446BC200C7CB22 /* Contact.m */ = {isa = PBXFileReference; fileEncoding = 4; lastKnownFileType = sourcecode.c.objc; path = Contact.m; sourceTree = "<group>"; };
		831FFD3F18446C5500C7CB22 /* SalesPerson.h */ = {isa = PBXFileReference; fileEncoding = 4; lastKnownFileType = sourcecode.c.h; path = SalesPerson.h; sourceTree = "<group>"; };
		831FFD4018446C5500C7CB22 /* SalesPerson.m */ = {isa = PBXFileReference; fileEncoding = 4; lastKnownFileType = sourcecode.c.objc; path = SalesPerson.m; sourceTree = "<group>"; };
		831FFD4218446EAC00C7CB22 /* Customer.h */ = {isa = PBXFileReference; fileEncoding = 4; lastKnownFileType = sourcecode.c.h; path = Customer.h; sourceTree = "<group>"; };
		831FFD4318446EAC00C7CB22 /* Customer.m */ = {isa = PBXFileReference; fileEncoding = 4; lastKnownFileType = sourcecode.c.objc; path = Customer.m; sourceTree = "<group>"; };
		831FFD451844702E00C7CB22 /* Opportunity.h */ = {isa = PBXFileReference; fileEncoding = 4; lastKnownFileType = sourcecode.c.h; path = Opportunity.h; sourceTree = "<group>"; };
		831FFD461844702E00C7CB22 /* Opportunity.m */ = {isa = PBXFileReference; fileEncoding = 4; lastKnownFileType = sourcecode.c.objc; path = Opportunity.m; sourceTree = "<group>"; };
/* End PBXFileReference section */

/* Begin PBXFrameworksBuildPhase section */
		831FFCCD1844364900C7CB22 /* Frameworks */ = {
			isa = PBXFrameworksBuildPhase;
			buildActionMask = 2147483647;
			files = (
				449204CF18445EB30036D3A9 /* CouchbaseLite.framework in Frameworks */,
				831FFD2E1844451F00C7CB22 /* libz.dylib in Frameworks */,
				831FFD2C1844451500C7CB22 /* libsqlite3.dylib in Frameworks */,
				831FFCD61844364900C7CB22 /* CoreGraphics.framework in Frameworks */,
				831FFD2A184444FC00C7CB22 /* SystemConfiguration.framework in Frameworks */,
				831FFCD81844364900C7CB22 /* UIKit.framework in Frameworks */,
				831FFCD41844364900C7CB22 /* Foundation.framework in Frameworks */,
				831FFD29184444FC00C7CB22 /* Security.framework in Frameworks */,
				831FFD28184444FC00C7CB22 /* CFNetwork.framework in Frameworks */,
			);
			runOnlyForDeploymentPostprocessing = 0;
		};
		831FFCEE1844364900C7CB22 /* Frameworks */ = {
			isa = PBXFrameworksBuildPhase;
			buildActionMask = 2147483647;
			files = (
				831FFCF31844364900C7CB22 /* XCTest.framework in Frameworks */,
				831FFCF51844364900C7CB22 /* UIKit.framework in Frameworks */,
				831FFCF41844364900C7CB22 /* Foundation.framework in Frameworks */,
			);
			runOnlyForDeploymentPostprocessing = 0;
		};
/* End PBXFrameworksBuildPhase section */

/* Begin PBXGroup section */
		449204D81844A75C0036D3A9 /* Cells */ = {
			isa = PBXGroup;
			children = (
				449204D91844A7800036D3A9 /* SalesPersonCell.h */,
				449204DA1844A7800036D3A9 /* SalesPersonCell.m */,
				44436FFF1845A54800F2F360 /* SalesPersonCell.xib */,
			);
			path = Cells;
			sourceTree = "<group>";
		};
		831FFCC71844364900C7CB22 = {
			isa = PBXGroup;
			children = (
				831FFCD91844364900C7CB22 /* CBLiteCRM */,
				831FFCF81844364900C7CB22 /* CBLiteCRMTests */,
				831FFCD21844364900C7CB22 /* Frameworks */,
				831FFCD11844364900C7CB22 /* Products */,
			);
			sourceTree = "<group>";
		};
		831FFCD11844364900C7CB22 /* Products */ = {
			isa = PBXGroup;
			children = (
				831FFCD01844364900C7CB22 /* CBLiteCRM.app */,
				831FFCF11844364900C7CB22 /* CBLiteCRMTests.xctest */,
			);
			name = Products;
			sourceTree = "<group>";
		};
		831FFCD21844364900C7CB22 /* Frameworks */ = {
			isa = PBXGroup;
			children = (
				449204CE18445EB30036D3A9 /* CouchbaseLite.framework */,
				831FFD2D1844451F00C7CB22 /* libz.dylib */,
				831FFD2B1844451500C7CB22 /* libsqlite3.dylib */,
				831FFD25184444FC00C7CB22 /* CFNetwork.framework */,
				831FFD26184444FC00C7CB22 /* Security.framework */,
				831FFD27184444FC00C7CB22 /* SystemConfiguration.framework */,
				831FFCD31844364900C7CB22 /* Foundation.framework */,
				831FFCD51844364900C7CB22 /* CoreGraphics.framework */,
				831FFCD71844364900C7CB22 /* UIKit.framework */,
				831FFCF21844364900C7CB22 /* XCTest.framework */,
			);
			name = Frameworks;
			sourceTree = "<group>";
		};
		831FFCD91844364900C7CB22 /* CBLiteCRM */ = {
			isa = PBXGroup;
			children = (
				831FFD0818443AA300C7CB22 /* Classes */,
				831FFCE51844364900C7CB22 /* Main.storyboard */,
				831FFCEB1844364900C7CB22 /* Images.xcassets */,
				831FFCDA1844364900C7CB22 /* Supporting Files */,
			);
			path = CBLiteCRM;
			sourceTree = "<group>";
		};
		831FFCDA1844364900C7CB22 /* Supporting Files */ = {
			isa = PBXGroup;
			children = (
				831FFCDB1844364900C7CB22 /* CBLiteCRM-Info.plist */,
				831FFCDC1844364900C7CB22 /* InfoPlist.strings */,
				831FFCDF1844364900C7CB22 /* main.m */,
				831FFCE11844364900C7CB22 /* CBLiteCRM-Prefix.pch */,
			);
			name = "Supporting Files";
			sourceTree = "<group>";
		};
		831FFCF81844364900C7CB22 /* CBLiteCRMTests */ = {
			isa = PBXGroup;
			children = (
				831FFCFE1844364900C7CB22 /* CBLiteCRMTests.m */,
				831FFCF91844364900C7CB22 /* Supporting Files */,
			);
			path = CBLiteCRMTests;
			sourceTree = "<group>";
		};
		831FFCF91844364900C7CB22 /* Supporting Files */ = {
			isa = PBXGroup;
			children = (
				831FFCFA1844364900C7CB22 /* CBLiteCRMTests-Info.plist */,
				831FFCFB1844364900C7CB22 /* InfoPlist.strings */,
			);
			name = "Supporting Files";
			sourceTree = "<group>";
		};
		831FFD0818443AA300C7CB22 /* Classes */ = {
			isa = PBXGroup;
			children = (
				831FFD0918443AA300C7CB22 /* AppDelegate.h */,
				831FFD0A18443AA300C7CB22 /* AppDelegate.m */,
				831FFD35184454A900C7CB22 /* Defines */,
				831FFD0B18443AA300C7CB22 /* Data */,
				831FFD0C18443AA300C7CB22 /* UI */,
			);
			path = Classes;
			sourceTree = "<group>";
		};
		831FFD0B18443AA300C7CB22 /* Data */ = {
			isa = PBXGroup;
			children = (
				831FFD211844422000C7CB22 /* DataSources */,
				831FFD221844422000C7CB22 /* Models */,
			);
			path = Data;
			sourceTree = "<group>";
		};
		831FFD0C18443AA300C7CB22 /* UI */ = {
			isa = PBXGroup;
			children = (
				449204D81844A75C0036D3A9 /* Cells */,
				831FFD0D18443AA300C7CB22 /* ViewControllers */,
			);
			path = UI;
			sourceTree = "<group>";
		};
		831FFD0D18443AA300C7CB22 /* ViewControllers */ = {
			isa = PBXGroup;
			children = (
				831FFD0E18443AA300C7CB22 /* WelcomeViewController.h */,
				831FFD0F18443AA300C7CB22 /* WelcomeViewController.m */,
				831FFD1218443B0700C7CB22 /* MenuViewController.h */,
				831FFD1318443B0700C7CB22 /* MenuViewController.m */,
				831FFD1518443D9000C7CB22 /* SalesViewController.h */,
				831FFD1618443D9000C7CB22 /* SalesViewController.m */,
				831FFD1818443DA200C7CB22 /* ContactsViewController.h */,
				831FFD1918443DA200C7CB22 /* ContactsViewController.m */,
				831FFD1B18443DB300C7CB22 /* CustomersViewController.h */,
				831FFD1C18443DB300C7CB22 /* CustomersViewController.m */,
				831FFD1E18443DD500C7CB22 /* OpportunitiesViewController.h */,
				831FFD1F18443DD500C7CB22 /* OpportunitiesViewController.m */,
				449204D0184478590036D3A9 /* SalesPersonOptionsViewController.h */,
				449204D1184478590036D3A9 /* SalesPersonOptionsViewController.m */,
			);
			path = ViewControllers;
			sourceTree = "<group>";
		};
		831FFD211844422000C7CB22 /* DataSources */ = {
			isa = PBXGroup;
			children = (
				831FFD321844542F00C7CB22 /* DataStore.h */,
				831FFD331844542F00C7CB22 /* DataStore.m */,
			);
			path = DataSources;
			sourceTree = "<group>";
		};
		831FFD221844422000C7CB22 /* Models */ = {
			isa = PBXGroup;
			children = (
				831FFD3C18446BC200C7CB22 /* Contact.h */,
				831FFD3D18446BC200C7CB22 /* Contact.m */,
				831FFD3F18446C5500C7CB22 /* SalesPerson.h */,
				831FFD4018446C5500C7CB22 /* SalesPerson.m */,
				831FFD4218446EAC00C7CB22 /* Customer.h */,
				831FFD4318446EAC00C7CB22 /* Customer.m */,
				831FFD451844702E00C7CB22 /* Opportunity.h */,
				831FFD461844702E00C7CB22 /* Opportunity.m */,
			);
			path = Models;
			sourceTree = "<group>";
		};
		831FFD35184454A900C7CB22 /* Defines */ = {
			isa = PBXGroup;
			children = (
				831FFD37184454A900C7CB22 /* Constants.h */,
			);
			path = Defines;
			sourceTree = "<group>";
		};
/* End PBXGroup section */

/* Begin PBXNativeTarget section */
		831FFCCF1844364900C7CB22 /* CBLiteCRM */ = {
			isa = PBXNativeTarget;
			buildConfigurationList = 831FFD021844364900C7CB22 /* Build configuration list for PBXNativeTarget "CBLiteCRM" */;
			buildPhases = (
				831FFCCC1844364900C7CB22 /* Sources */,
				831FFCCD1844364900C7CB22 /* Frameworks */,
				831FFCCE1844364900C7CB22 /* Resources */,
			);
			buildRules = (
			);
			dependencies = (
			);
			name = CBLiteCRM;
			productName = CBLiteCRM;
			productReference = 831FFCD01844364900C7CB22 /* CBLiteCRM.app */;
			productType = "com.apple.product-type.application";
		};
		831FFCF01844364900C7CB22 /* CBLiteCRMTests */ = {
			isa = PBXNativeTarget;
			buildConfigurationList = 831FFD051844364900C7CB22 /* Build configuration list for PBXNativeTarget "CBLiteCRMTests" */;
			buildPhases = (
				831FFCED1844364900C7CB22 /* Sources */,
				831FFCEE1844364900C7CB22 /* Frameworks */,
				831FFCEF1844364900C7CB22 /* Resources */,
			);
			buildRules = (
			);
			dependencies = (
				831FFCF71844364900C7CB22 /* PBXTargetDependency */,
			);
			name = CBLiteCRMTests;
			productName = CBLiteCRMTests;
			productReference = 831FFCF11844364900C7CB22 /* CBLiteCRMTests.xctest */;
			productType = "com.apple.product-type.bundle.unit-test";
		};
/* End PBXNativeTarget section */

/* Begin PBXProject section */
		831FFCC81844364900C7CB22 /* Project object */ = {
			isa = PBXProject;
			attributes = {
				LastUpgradeCheck = 0500;
				ORGANIZATIONNAME = Danil;
				TargetAttributes = {
					831FFCF01844364900C7CB22 = {
						TestTargetID = 831FFCCF1844364900C7CB22;
					};
				};
			};
			buildConfigurationList = 831FFCCB1844364900C7CB22 /* Build configuration list for PBXProject "CBLiteCRM" */;
			compatibilityVersion = "Xcode 3.2";
			developmentRegion = English;
			hasScannedForEncodings = 0;
			knownRegions = (
				en,
				Base,
			);
			mainGroup = 831FFCC71844364900C7CB22;
			productRefGroup = 831FFCD11844364900C7CB22 /* Products */;
			projectDirPath = "";
			projectRoot = "";
			targets = (
				831FFCCF1844364900C7CB22 /* CBLiteCRM */,
				831FFCF01844364900C7CB22 /* CBLiteCRMTests */,
			);
		};
/* End PBXProject section */

/* Begin PBXResourcesBuildPhase section */
		831FFCCE1844364900C7CB22 /* Resources */ = {
			isa = PBXResourcesBuildPhase;
			buildActionMask = 2147483647;
			files = (
				831FFCEC1844364900C7CB22 /* Images.xcassets in Resources */,
				831FFCDE1844364900C7CB22 /* InfoPlist.strings in Resources */,
				831FFCE71844364900C7CB22 /* Main.storyboard in Resources */,
				444370001845A54800F2F360 /* SalesPersonCell.xib in Resources */,
			);
			runOnlyForDeploymentPostprocessing = 0;
		};
		831FFCEF1844364900C7CB22 /* Resources */ = {
			isa = PBXResourcesBuildPhase;
			buildActionMask = 2147483647;
			files = (
				831FFCFD1844364900C7CB22 /* InfoPlist.strings in Resources */,
			);
			runOnlyForDeploymentPostprocessing = 0;
		};
/* End PBXResourcesBuildPhase section */

/* Begin PBXSourcesBuildPhase section */
		831FFCCC1844364900C7CB22 /* Sources */ = {
			isa = PBXSourcesBuildPhase;
			buildActionMask = 2147483647;
			files = (
				831FFD1018443AA300C7CB22 /* AppDelegate.m in Sources */,
				831FFD471844702F00C7CB22 /* Opportunity.m in Sources */,
				831FFD1D18443DB300C7CB22 /* CustomersViewController.m in Sources */,
				831FFD4118446C5500C7CB22 /* SalesPerson.m in Sources */,
				831FFD1A18443DA200C7CB22 /* ContactsViewController.m in Sources */,
				831FFCE01844364900C7CB22 /* main.m in Sources */,
				449204D2184478590036D3A9 /* SalesPersonOptionsViewController.m in Sources */,
				831FFD341844542F00C7CB22 /* DataStore.m in Sources */,
				831FFD2018443DD500C7CB22 /* OpportunitiesViewController.m in Sources */,
				831FFD3E18446BC300C7CB22 /* Contact.m in Sources */,
				449204DB1844A7800036D3A9 /* SalesPersonCell.m in Sources */,
				831FFD1118443AA300C7CB22 /* WelcomeViewController.m in Sources */,
				831FFD4418446EAC00C7CB22 /* Customer.m in Sources */,
				831FFD1418443B0700C7CB22 /* MenuViewController.m in Sources */,
				831FFD1718443D9000C7CB22 /* SalesViewController.m in Sources */,
			);
			runOnlyForDeploymentPostprocessing = 0;
		};
		831FFCED1844364900C7CB22 /* Sources */ = {
			isa = PBXSourcesBuildPhase;
			buildActionMask = 2147483647;
			files = (
				831FFCFF1844364900C7CB22 /* CBLiteCRMTests.m in Sources */,
			);
			runOnlyForDeploymentPostprocessing = 0;
		};
/* End PBXSourcesBuildPhase section */

/* Begin PBXTargetDependency section */
		831FFCF71844364900C7CB22 /* PBXTargetDependency */ = {
			isa = PBXTargetDependency;
			target = 831FFCCF1844364900C7CB22 /* CBLiteCRM */;
			targetProxy = 831FFCF61844364900C7CB22 /* PBXContainerItemProxy */;
		};
/* End PBXTargetDependency section */

/* Begin PBXVariantGroup section */
		831FFCDC1844364900C7CB22 /* InfoPlist.strings */ = {
			isa = PBXVariantGroup;
			children = (
				831FFCDD1844364900C7CB22 /* en */,
			);
			name = InfoPlist.strings;
			sourceTree = "<group>";
		};
		831FFCE51844364900C7CB22 /* Main.storyboard */ = {
			isa = PBXVariantGroup;
			children = (
				831FFCE61844364900C7CB22 /* Base */,
			);
			name = Main.storyboard;
			sourceTree = "<group>";
		};
		831FFCFB1844364900C7CB22 /* InfoPlist.strings */ = {
			isa = PBXVariantGroup;
			children = (
				831FFCFC1844364900C7CB22 /* en */,
			);
			name = InfoPlist.strings;
			sourceTree = "<group>";
		};
/* End PBXVariantGroup section */

/* Begin XCBuildConfiguration section */
		831FFD001844364900C7CB22 /* Debug */ = {
			isa = XCBuildConfiguration;
			buildSettings = {
				ALWAYS_SEARCH_USER_PATHS = NO;
				ARCHS = "$(ARCHS_STANDARD_INCLUDING_64_BIT)";
				CLANG_CXX_LANGUAGE_STANDARD = "gnu++0x";
				CLANG_CXX_LIBRARY = "libc++";
				CLANG_ENABLE_MODULES = YES;
				CLANG_ENABLE_OBJC_ARC = YES;
				CLANG_WARN_BOOL_CONVERSION = YES;
				CLANG_WARN_CONSTANT_CONVERSION = YES;
				CLANG_WARN_DIRECT_OBJC_ISA_USAGE = YES_ERROR;
				CLANG_WARN_EMPTY_BODY = YES;
				CLANG_WARN_ENUM_CONVERSION = YES;
				CLANG_WARN_INT_CONVERSION = YES;
				CLANG_WARN_OBJC_ROOT_CLASS = YES_ERROR;
				CLANG_WARN__DUPLICATE_METHOD_MATCH = YES;
				"CODE_SIGN_IDENTITY[sdk=iphoneos*]" = "iPhone Developer";
				COPY_PHASE_STRIP = NO;
				GCC_C_LANGUAGE_STANDARD = gnu99;
				GCC_DYNAMIC_NO_PIC = NO;
				GCC_OPTIMIZATION_LEVEL = 0;
				GCC_PREPROCESSOR_DEFINITIONS = (
					"DEBUG=1",
					"$(inherited)",
				);
				GCC_SYMBOLS_PRIVATE_EXTERN = NO;
				GCC_WARN_64_TO_32_BIT_CONVERSION = YES;
				GCC_WARN_ABOUT_RETURN_TYPE = YES_ERROR;
				GCC_WARN_UNDECLARED_SELECTOR = YES;
				GCC_WARN_UNINITIALIZED_AUTOS = YES;
				GCC_WARN_UNUSED_FUNCTION = YES;
				GCC_WARN_UNUSED_VARIABLE = YES;
				IPHONEOS_DEPLOYMENT_TARGET = 7.0;
				ONLY_ACTIVE_ARCH = YES;
				SDKROOT = iphoneos;
			};
			name = Debug;
		};
		831FFD011844364900C7CB22 /* Release */ = {
			isa = XCBuildConfiguration;
			buildSettings = {
				ALWAYS_SEARCH_USER_PATHS = NO;
				ARCHS = "$(ARCHS_STANDARD_INCLUDING_64_BIT)";
				CLANG_CXX_LANGUAGE_STANDARD = "gnu++0x";
				CLANG_CXX_LIBRARY = "libc++";
				CLANG_ENABLE_MODULES = YES;
				CLANG_ENABLE_OBJC_ARC = YES;
				CLANG_WARN_BOOL_CONVERSION = YES;
				CLANG_WARN_CONSTANT_CONVERSION = YES;
				CLANG_WARN_DIRECT_OBJC_ISA_USAGE = YES_ERROR;
				CLANG_WARN_EMPTY_BODY = YES;
				CLANG_WARN_ENUM_CONVERSION = YES;
				CLANG_WARN_INT_CONVERSION = YES;
				CLANG_WARN_OBJC_ROOT_CLASS = YES_ERROR;
				CLANG_WARN__DUPLICATE_METHOD_MATCH = YES;
				"CODE_SIGN_IDENTITY[sdk=iphoneos*]" = "iPhone Developer";
				COPY_PHASE_STRIP = YES;
				ENABLE_NS_ASSERTIONS = NO;
				GCC_C_LANGUAGE_STANDARD = gnu99;
				GCC_WARN_64_TO_32_BIT_CONVERSION = YES;
				GCC_WARN_ABOUT_RETURN_TYPE = YES_ERROR;
				GCC_WARN_UNDECLARED_SELECTOR = YES;
				GCC_WARN_UNINITIALIZED_AUTOS = YES;
				GCC_WARN_UNUSED_FUNCTION = YES;
				GCC_WARN_UNUSED_VARIABLE = YES;
				IPHONEOS_DEPLOYMENT_TARGET = 7.0;
				SDKROOT = iphoneos;
				VALIDATE_PRODUCT = YES;
			};
			name = Release;
		};
		831FFD031844364900C7CB22 /* Debug */ = {
			isa = XCBuildConfiguration;
			buildSettings = {
				ASSETCATALOG_COMPILER_APPICON_NAME = AppIcon;
				ASSETCATALOG_COMPILER_LAUNCHIMAGE_NAME = LaunchImage;
				FRAMEWORK_SEARCH_PATHS = (
					"$(inherited)",
					"$(SRCROOT)",
				);
				GCC_PRECOMPILE_PREFIX_HEADER = YES;
				GCC_PREFIX_HEADER = "CBLiteCRM/CBLiteCRM-Prefix.pch";
				INFOPLIST_FILE = "CBLiteCRM/CBLiteCRM-Info.plist";
				IPHONEOS_DEPLOYMENT_TARGET = 6.0;
				OTHER_LDFLAGS = "-ObjC";
				PRODUCT_NAME = "$(TARGET_NAME)";
				WRAPPER_EXTENSION = app;
			};
			name = Debug;
		};
		831FFD041844364900C7CB22 /* Release */ = {
			isa = XCBuildConfiguration;
			buildSettings = {
				ASSETCATALOG_COMPILER_APPICON_NAME = AppIcon;
				ASSETCATALOG_COMPILER_LAUNCHIMAGE_NAME = LaunchImage;
				FRAMEWORK_SEARCH_PATHS = (
					"$(inherited)",
					"$(SRCROOT)",
				);
				GCC_PRECOMPILE_PREFIX_HEADER = YES;
				GCC_PREFIX_HEADER = "CBLiteCRM/CBLiteCRM-Prefix.pch";
				INFOPLIST_FILE = "CBLiteCRM/CBLiteCRM-Info.plist";
				IPHONEOS_DEPLOYMENT_TARGET = 6.0;
				OTHER_LDFLAGS = "-ObjC";
				PRODUCT_NAME = "$(TARGET_NAME)";
				WRAPPER_EXTENSION = app;
			};
			name = Release;
		};
		831FFD061844364900C7CB22 /* Debug */ = {
			isa = XCBuildConfiguration;
			buildSettings = {
				ARCHS = "$(ARCHS_STANDARD_INCLUDING_64_BIT)";
				BUNDLE_LOADER = "$(BUILT_PRODUCTS_DIR)/CBLiteCRM.app/CBLiteCRM";
				FRAMEWORK_SEARCH_PATHS = (
					"$(SDKROOT)/Developer/Library/Frameworks",
					"$(inherited)",
					"$(DEVELOPER_FRAMEWORKS_DIR)",
				);
				GCC_PRECOMPILE_PREFIX_HEADER = YES;
				GCC_PREFIX_HEADER = "CBLiteCRM/CBLiteCRM-Prefix.pch";
				GCC_PREPROCESSOR_DEFINITIONS = (
					"DEBUG=1",
					"$(inherited)",
				);
				INFOPLIST_FILE = "CBLiteCRMTests/CBLiteCRMTests-Info.plist";
				PRODUCT_NAME = "$(TARGET_NAME)";
				TEST_HOST = "$(BUNDLE_LOADER)";
				WRAPPER_EXTENSION = xctest;
			};
			name = Debug;
		};
		831FFD071844364900C7CB22 /* Release */ = {
			isa = XCBuildConfiguration;
			buildSettings = {
				ARCHS = "$(ARCHS_STANDARD_INCLUDING_64_BIT)";
				BUNDLE_LOADER = "$(BUILT_PRODUCTS_DIR)/CBLiteCRM.app/CBLiteCRM";
				FRAMEWORK_SEARCH_PATHS = (
					"$(SDKROOT)/Developer/Library/Frameworks",
					"$(inherited)",
					"$(DEVELOPER_FRAMEWORKS_DIR)",
				);
				GCC_PRECOMPILE_PREFIX_HEADER = YES;
				GCC_PREFIX_HEADER = "CBLiteCRM/CBLiteCRM-Prefix.pch";
				INFOPLIST_FILE = "CBLiteCRMTests/CBLiteCRMTests-Info.plist";
				PRODUCT_NAME = "$(TARGET_NAME)";
				TEST_HOST = "$(BUNDLE_LOADER)";
				WRAPPER_EXTENSION = xctest;
			};
			name = Release;
		};
/* End XCBuildConfiguration section */

/* Begin XCConfigurationList section */
		831FFCCB1844364900C7CB22 /* Build configuration list for PBXProject "CBLiteCRM" */ = {
			isa = XCConfigurationList;
			buildConfigurations = (
				831FFD001844364900C7CB22 /* Debug */,
				831FFD011844364900C7CB22 /* Release */,
			);
			defaultConfigurationIsVisible = 0;
			defaultConfigurationName = Release;
		};
		831FFD021844364900C7CB22 /* Build configuration list for PBXNativeTarget "CBLiteCRM" */ = {
			isa = XCConfigurationList;
			buildConfigurations = (
				831FFD031844364900C7CB22 /* Debug */,
				831FFD041844364900C7CB22 /* Release */,
			);
			defaultConfigurationIsVisible = 0;
			defaultConfigurationName = Release;
		};
		831FFD051844364900C7CB22 /* Build configuration list for PBXNativeTarget "CBLiteCRMTests" */ = {
			isa = XCConfigurationList;
			buildConfigurations = (
				831FFD061844364900C7CB22 /* Debug */,
				831FFD071844364900C7CB22 /* Release */,
			);
			defaultConfigurationIsVisible = 0;
			defaultConfigurationName = Release;
		};
/* End XCConfigurationList section */
	};
	rootObject = 831FFCC81844364900C7CB22 /* Project object */;
}
